
Microsoft Visual Studio Solution File, Format Version 12.00
# Visual Studio Version 17
VisualStudioVersion = 17.4.33213.308
MinimumVisualStudioVersion = 10.0.40219.1
Project("{FAE04EC0-301F-11D3-BF4B-00C04F79EFBC}") = "GenericsAndCollections", "GenericsAndCollections\GenericsAndCollections.csproj", "{AB7751BF-47BE-4840-852B-46DBF8CAB508}"
EndProject
Global
	GlobalSection(SolutionConfigurationPlatforms) = preSolution
		Debug|Any CPU = Debug|Any CPU
		Release|Any CPU = Release|Any CPU
	EndGlobalSection
	GlobalSection(ProjectConfigurationPlatforms) = postSolution
		{AB7751BF-47BE-4840-852B-46DBF8CAB508}.Debug|Any CPU.ActiveCfg = Debug|Any CPU
		{AB7751BF-47BE-4840-852B-46DBF8CAB508}.Debug|Any CPU.Build.0 = Debug|Any CPU
		{AB7751BF-47BE-4840-852B-46DBF8CAB508}.Release|Any CPU.ActiveCfg = Release|Any CPU
		{AB7751BF-47BE-4840-852B-46DBF8CAB508}.Release|Any CPU.Build.0 = Release|Any CPU
	EndGlobalSection
	GlobalSection(SolutionProperties) = preSolution
		HideSolutionNode = FALSE
	EndGlobalSection
	GlobalSection(ExtensibilityGlobals) = postSolution
		SolutionGuid = {3E3A79FD-F4F4-4E55-B0CC-727B4346BC0B}
	EndGlobalSection
EndGlobal
