
Microsoft Visual Studio Solution File, Format Version 12.00
# Visual Studio Version 17
VisualStudioVersion = 17.4.33213.308
MinimumVisualStudioVersion = 10.0.40219.1
Project("{FAE04EC0-301F-11D3-BF4B-00C04F79EFBC}") = "ErrorHandlingAndDebugging", "ErrorHandlingAndDebugging\ErrorHandlingAndDebugging.csproj", "{6B0C0B3E-8A33-4D75-A4FC-0F7846095A0A}"
EndProject
Global
	GlobalSection(SolutionConfigurationPlatforms) = preSolution
		Debug|Any CPU = Debug|Any CPU
		Release|Any CPU = Release|Any CPU
	EndGlobalSection
	GlobalSection(ProjectConfigurationPlatforms) = postSolution
		{6B0C0B3E-8A33-4D75-A4FC-0F7846095A0A}.Debug|Any CPU.ActiveCfg = Debug|Any CPU
		{6B0C0B3E-8A33-4D75-A4FC-0F7846095A0A}.Debug|Any CPU.Build.0 = Debug|Any CPU
		{6B0C0B3E-8A33-4D75-A4FC-0F7846095A0A}.Release|Any CPU.ActiveCfg = Release|Any CPU
		{6B0C0B3E-8A33-4D75-A4FC-0F7846095A0A}.Release|Any CPU.Build.0 = Release|Any CPU
	EndGlobalSection
	GlobalSection(SolutionProperties) = preSolution
		HideSolutionNode = FALSE
	EndGlobalSection
	GlobalSection(ExtensibilityGlobals) = postSolution
		SolutionGuid = {6C75D322-0F47-435B-A3A3-608F12D4EC42}
	EndGlobalSection
EndGlobal
