
Microsoft Visual Studio Solution File, Format Version 12.00
# Visual Studio Version 17
VisualStudioVersion = 17.4.33213.308
MinimumVisualStudioVersion = 10.0.40219.1
Project("{FAE04EC0-301F-11D3-BF4B-00C04F79EFBC}") = "MoreAboutDataTypes", "MoreAboutDataTypes\MoreAboutDataTypes.csproj", "{49DFF51E-8145-4DA6-B854-0B4D24FD4B19}"
EndProject
Global
	GlobalSection(SolutionConfigurationPlatforms) = preSolution
		Debug|Any CPU = Debug|Any CPU
		Release|Any CPU = Release|Any CPU
	EndGlobalSection
	GlobalSection(ProjectConfigurationPlatforms) = postSolution
		{49DFF51E-8145-4DA6-B854-0B4D24FD4B19}.Debug|Any CPU.ActiveCfg = Debug|Any CPU
		{49DFF51E-8145-4DA6-B854-0B4D24FD4B19}.Debug|Any CPU.Build.0 = Debug|Any CPU
		{49DFF51E-8145-4DA6-B854-0B4D24FD4B19}.Release|Any CPU.ActiveCfg = Release|Any CPU
		{49DFF51E-8145-4DA6-B854-0B4D24FD4B19}.Release|Any CPU.Build.0 = Release|Any CPU
	EndGlobalSection
	GlobalSection(SolutionProperties) = preSolution
		HideSolutionNode = FALSE
	EndGlobalSection
	GlobalSection(ExtensibilityGlobals) = postSolution
		SolutionGuid = {BEFDDDB9-E09D-4C8B-9D41-CE4ED43855AC}
	EndGlobalSection
EndGlobal
