
Microsoft Visual Studio Solution File, Format Version 12.00
# Visual Studio Version 17
VisualStudioVersion = 17.4.33213.308
MinimumVisualStudioVersion = 10.0.40219.1
Project("{FAE04EC0-301F-11D3-BF4B-00C04F79EFBC}") = "Functions", "Functions\Functions.csproj", "{BA37B1F6-BA21-4F58-A6EB-FA968B3F78F2}"
EndProject
Global
	GlobalSection(SolutionConfigurationPlatforms) = preSolution
		Debug|Any CPU = Debug|Any CPU
		Release|Any CPU = Release|Any CPU
	EndGlobalSection
	GlobalSection(ProjectConfigurationPlatforms) = postSolution
		{BA37B1F6-BA21-4F58-A6EB-FA968B3F78F2}.Debug|Any CPU.ActiveCfg = Debug|Any CPU
		{BA37B1F6-BA21-4F58-A6EB-FA968B3F78F2}.Debug|Any CPU.Build.0 = Debug|Any CPU
		{BA37B1F6-BA21-4F58-A6EB-FA968B3F78F2}.Release|Any CPU.ActiveCfg = Release|Any CPU
		{BA37B1F6-BA21-4F58-A6EB-FA968B3F78F2}.Release|Any CPU.Build.0 = Release|Any CPU
	EndGlobalSection
	GlobalSection(SolutionProperties) = preSolution
		HideSolutionNode = FALSE
	EndGlobalSection
	GlobalSection(ExtensibilityGlobals) = postSolution
		SolutionGuid = {4C322C87-D392-49CA-8A44-DFCABF7E3A4E}
	EndGlobalSection
EndGlobal
