
Microsoft Visual Studio Solution File, Format Version 12.00
# Visual Studio Version 17
VisualStudioVersion = 17.4.33213.308
MinimumVisualStudioVersion = 10.0.40219.1
Project("{FAE04EC0-301F-11D3-BF4B-00C04F79EFBC}") = "IntroToLINQ", "IntroToLINQ\IntroToLINQ.csproj", "{3F999511-9BDB-42E8-9F42-FF56607C0CF7}"
EndProject
Global
	GlobalSection(SolutionConfigurationPlatforms) = preSolution
		Debug|Any CPU = Debug|Any CPU
		Release|Any CPU = Release|Any CPU
	EndGlobalSection
	GlobalSection(ProjectConfigurationPlatforms) = postSolution
		{3F999511-9BDB-42E8-9F42-FF56607C0CF7}.Debug|Any CPU.ActiveCfg = Debug|Any CPU
		{3F999511-9BDB-42E8-9F42-FF56607C0CF7}.Debug|Any CPU.Build.0 = Debug|Any CPU
		{3F999511-9BDB-42E8-9F42-FF56607C0CF7}.Release|Any CPU.ActiveCfg = Release|Any CPU
		{3F999511-9BDB-42E8-9F42-FF56607C0CF7}.Release|Any CPU.Build.0 = Release|Any CPU
	EndGlobalSection
	GlobalSection(SolutionProperties) = preSolution
		HideSolutionNode = FALSE
	EndGlobalSection
	GlobalSection(ExtensibilityGlobals) = postSolution
		SolutionGuid = {23F6453F-F8D5-4163-BAE7-CD2C0911677F}
	EndGlobalSection
EndGlobal
